---
lockfileVersion: '9.0'

importers:

  .:
    configDependencies: {}
    packageManagerDependencies:
      pnpm:
        specifier: 12.3.4
        version: 12.3.4

packages:

  '@pnpm/exe.darwin-arm64@12.3.4':
    resolution: {integrity: sha512-PAyUol8T1+/+ViOiXAt51ECA+QnfXCqz6foL4bW+LsoX0NcVd5XVEM2mRQu+LV4oc7uRz9zf9U0P+XFfuQeDAw==}
    cpu: [arm64]
    os: [darwin]

  '@pnpm/exe.darwin-x64@12.3.4':
    resolution: {integrity: sha512-fxP9JCk0Cdye+ePuj+GJJLMUMTqHGWRdb1dtv4How876uQ2ehxvenpgiYAir/ceO9PsYUZkFTtyZdx+rRu5QOA==}
    cpu: [x64]
    os: [darwin]

  '@pnpm/exe.linux-arm64-musl@12.3.4':
    resolution: {integrity: sha512-FBOt0/7ye6O6q4AllVV5QMviB6qE6fqkeczV/+MDWQsmo+QJrlfsh6X7CpH/tClVpBZEyIbjpUoT8bNhCYBxEg==}
    cpu: [arm64]
    os: [linux]
    libc: [musl]

  '@pnpm/exe.linux-arm64@12.3.4':
    resolution: {integrity: sha512-t71AVA7LRqiKTyZ5xMYaZc2n5DfdpMbfokZuiIOXHBOM03ECnF0t4iYwaBDqJgVjlKYUOwaF/bRQajGNA4cJ4w==}
    cpu: [arm64]
    os: [linux]
    libc: [glibc]

  '@pnpm/exe.linux-x64-musl@12.3.4':
    resolution: {integrity: sha512-RPmk7Jb/aYaFvL2iyDN/AtMY+hUEsue732WmXpcuQ9tBpMnGyA5py7Z3+e+qmQaJ0zY/4ni9jJiyPBQHujmv6w==}
    cpu: [x64]
    os: [linux]
    libc: [musl]

  '@pnpm/exe.linux-x64@12.3.4':
    resolution: {integrity: sha512-2ZqOlSPkfwX1h5cR+FPiWf8+F+2hZT/3TvhUK5sigHqwaQCIiq8R7CGxhndKs63JtcLi2a1Qpo+wX/EoyfjyJQ==}
    cpu: [x64]
    os: [linux]
    libc: [glibc]

  '@pnpm/exe.win32-arm64@12.3.4':
    resolution: {integrity: sha512-ANyrHqyqco6SXBysUTRF74itDyyraea7IbFsKFdNXTjcFnfycTDx37EwuhdpPYFNSIh2JhUG4fByclsRfiHX7w==}
    cpu: [arm64]
    os: [win32]

  '@pnpm/exe.win32-x64@12.3.4':
    resolution: {integrity: sha512-WH/KqBPY/hq2Tb7SgQltEZytimcjgKRaCRL/aM9CI0c67iKc5TVmHUhIiL3Ux9FB4bWn36i6XewUcScQI+zG8w==}
    cpu: [x64]
    os: [win32]

  pnpm@12.3.4:
    resolution: {integrity: sha512-lhqkH7B32joEpEHZ+OFevAyW2o73ELLrZ7+e58sGEOq9SPH9hfUc/+c4RnhfoPh8VqOocqHYk/hEZ0G1zORUVw==}
    engines: {node: '>=18.*'}
    hasBin: true

snapshots:

  '@pnpm/exe.darwin-arm64@12.3.4':
    optional: true

  '@pnpm/exe.darwin-x64@12.3.4':
    optional: true

  '@pnpm/exe.linux-arm64-musl@12.3.4':
    optional: true

  '@pnpm/exe.linux-arm64@12.3.4':
    optional: true

  '@pnpm/exe.linux-x64-musl@12.3.4':
    optional: true

  '@pnpm/exe.linux-x64@12.3.4':
    optional: true

  '@pnpm/exe.win32-arm64@12.3.4':
    optional: true

  '@pnpm/exe.win32-x64@12.3.4':
    optional: true

  pnpm@12.3.4:
    optionalDependencies:
      '@pnpm/exe.darwin-arm64': 12.3.4
      '@pnpm/exe.darwin-x64': 12.3.4
      '@pnpm/exe.linux-arm64': 12.3.4
      '@pnpm/exe.linux-arm64-musl': 12.3.4
      '@pnpm/exe.linux-x64': 12.3.4
      '@pnpm/exe.linux-x64-musl': 12.3.4
      '@pnpm/exe.win32-arm64': 12.3.4
      '@pnpm/exe.win32-x64': 12.3.4

---
lockfileVersion: '9.0'

settings:
  autoInstallPeers: true
  excludeLinksFromLockfile: false

importers:

  .:
    dependencies:
      '@splidejs/splide':
        specifier: ^4.1.4
        version: 4.1.4
    devDependencies:
      '@rsbuild/core':
        specifier: ^2.2.3
        version: 2.2.3
      '@types/node':
        specifier: ^24.13.3
        version: 24.13.3
      prettier:
        specifier: ^3.9.6
        version: 3.9.6
      prettier-plugin-ejs:
        specifier: ^1.0.3
        version: 1.0.3(prettier@3.9.6)
      rsbuild-plugin-ejs:
        specifier: ^2.0.1
        version: 2.0.1(@rsbuild/core@2.2.3)
      rsbuild-plugin-html-minifier-terser:
        specifier: ^1.1.5
        version: 1.1.5(@rsbuild/core@2.2.3)
      typescript:
        specifier: ^6.0.3
        version: 6.0.3

packages:

  '@emnapi/core@1.11.3':
    resolution: {integrity: sha512-zLpS5asjEb7lq8jYLq37N6XKaE41DIexlY1rF/z4/tIl3wo13Sqm28fRyfIsKZD+NZ8mM5RoKkpW/rBcuoSZSg==}

  '@emnapi/runtime@1.11.3':
    resolution: {integrity: sha512-Xz4Tpyki7XyrpbUK1jR1AhdAdaXyhhY4lZ3neLodmhpuWfy2PAQN5B46sAiU4liOXGLkHypn/qU+jvfWSCYYLA==}

  '@emnapi/wasi-threads@1.2.3':
    resolution: {integrity: sha512-ELEBe8PsLvvJ6QMr0zLt8ffvOHW/dc1m3CEzNMg7aJUv3bMaoDtw2TXyDAwkYBuroxxuHEwhRTLJSe5sya547g==}

  '@jridgewell/gen-mapping@0.3.13':
    resolution: {integrity: sha512-2kkt/7niJ6MgEPxF0bYdQ6etZaA+fQvDcLKckhy1yIQOzaoKjBBjSj63/aLVjYE3qhRt5dvM+uUyfCg6UKCBbA==}

  '@jridgewell/resolve-uri@3.1.2':
    resolution: {integrity: sha512-bRISgCIjP20/tbWSPWMEi54QVPRZExkuD9lJL+UIxUKtwVJA8wW1Trb1jMs1RFXo1CBTNZ/5hpC9QvmKWdopKw==}
    engines: {node: '>=6.0.0'}

  '@jridgewell/source-map@0.3.11':
    resolution: {integrity: sha512-ZMp1V8ZFcPG5dIWnQLr3NSI1MiCU7UETdS/A0G8V/XWHvJv3ZsFqutJn1Y5RPmAPX6F3BiE397OqveU/9NCuIA==}

  '@jridgewell/sourcemap-codec@1.6.0':
    resolution: {integrity: sha512-T7jf+5zgsZHwNJ4lvQ7/aezbyk0nNX+zJVWpmHA7VYsEx7a7qr5Rg5IbtJFqkgze5Y2sruq1RUY8Q837Od7iFw==}

  '@jridgewell/trace-mapping@0.3.31':
    resolution: {integrity: sha512-zzNR+SdQSDJzc8joaeP8QQoCQr8NuYx2dIIytl1QeBEZHJ9uW6hebsrYgbz8hJwUQao3TWCMtmfV8Nu1twOLAw==}

  '@napi-rs/wasm-runtime@1.1.6':
    resolution: {integrity: sha512-ZLv/JdUfkvOy9eCnnBaGfiO+XimbjebAeO+MRQqD/B+FR1tnRN0tpKSJHRbE8sFfS6aqsXZ67TQjfwfsxULVbg==}
    peerDependencies:
      '@emnapi/core': ^1.7.1
      '@emnapi/runtime': ^1.7.1

  '@rsbuild/core@2.2.3':
    resolution: {integrity: sha512-oJrYtYDhb7AMwY8HIda2hgMuuxHkYPYar4svdS5uTq0fXY0M1wLfllkTQz0d729pNJ4S//6GUM1WX5LsW2mFLw==}
    engines: {node: ^20.19.0 || >=22.12.0}
    hasBin: true
    peerDependencies:
      core-js: '>= 3.0.0'
    peerDependenciesMeta:
      core-js:
        optional: true

  '@rspack/binding-darwin-arm64@2.2.2':
    resolution: {integrity: sha512-/le/AvV4HSinXTPs2Lqpujxt189Z5T10Ggt96QzckLRPvIchzqoavVDDjltzC7XcaZ87XCH/X06jNKgzkcBBNA==}
    cpu: [arm64]
    os: [darwin]

  '@rspack/binding-darwin-x64@2.2.2':
    resolution: {integrity: sha512-uFIcUPUXiPxM6ljenLafp5TemT8eLZm1riRn8fJYmpqNCK+aCcTaud18XHZpI5SjzzcY+xUHfVShgvNzKXuf2g==}
    cpu: [x64]
    os: [darwin]

  '@rspack/binding-linux-arm64-gnu@2.2.2':
    resolution: {integrity: sha512-Pjby4pDSMNJQK2VBzpgCj6lb+DGuenS1fEDb6xi5/apbJb9v5WE+e43Mz7i+XqgXS8e846pjaONV3KM5WKB1LQ==}
    cpu: [arm64]
    os: [linux]

  '@rspack/binding-linux-arm64-musl@2.2.2':
    resolution: {integrity: sha512-0u9O7tTVT2z+F6o/eEY6f6+My8Jn9U56QiBwkfy90ZaoAfZyQSSTxqaK/zA7W43oFxQefeCpiPas27VUzrSakw==}
    cpu: [arm64]
    os: [linux]

  '@rspack/binding-linux-ppc64-gnu@2.2.2':
    resolution: {integrity: sha512-N3lVnhq5qOvpmP5n386JzR1GcE8HzAqq4/r440Z6yle9m7PhVFJ6oXVWxgaDTYV0mtv9YLJmaG+YrjYfUa1vuA==}
    cpu: [ppc64]
    os: [linux]

  '@rspack/binding-linux-riscv64-gnu@2.2.2':
    resolution: {integrity: sha512-ReClZyp32/rJkUDV/oGDU0X6BCFyEkTR6r4stFwm/qOOaG6mUMRzZe4gur8Yh979p4Hiz9EdkmfEHY02GBXcaQ==}
    cpu: [riscv64]
    os: [linux]

  '@rspack/binding-linux-riscv64-musl@2.2.2':
    resolution: {integrity: sha512-mqsorvTNerr3r8zI35NFTPYATPDlhepdiUhZjKT6ylqpHlP7vLU9fp4aEMK/CuTv2f+IVsa0+iZqtMxHs2tSjw==}
    cpu: [riscv64]
    os: [linux]

  '@rspack/binding-linux-s390x-gnu@2.2.2':
    resolution: {integrity: sha512-ql2Jub8QYWSugBppmj2u0SjcIj6fOQuAaLCYQOqU7zbvz/uuWTfoqmdWKExwrxeCU9Tzt7emVM0ETuVEpoca+A==}
    cpu: [s390x]
    os: [linux]

  '@rspack/binding-linux-x64-gnu@2.2.2':
    resolution: {integrity: sha512-MNYKYEHrtIVEno2q5rgpou/JVffRwn109xPK3kxct95EojHsniNa8jwy6eEHeOazP4EN60Si7NElE3aQ6JssHw==}
    cpu: [x64]
    os: [linux]

  '@rspack/binding-linux-x64-musl@2.2.2':
    resolution: {integrity: sha512-y9/9CmE8lrECaF17GAhacibTL+SvlEPEotQnUuBFC/WFtXh8hU2E7a7bAkpYGSLH6kM0nrJZHO3hTvM1wdWOJw==}
    cpu: [x64]
    os: [linux]

  '@rspack/binding-wasm32-wasi@2.2.2':
    resolution: {integrity: sha512-VbDIjjeFwZvMSKAOGY5IbU6lLzt6AHHHncTdMMkZ94Xk7O2BOHe9BXDV32Ln29TIW2C8m1fdxfPZWDiecVghUQ==}
    cpu: [wasm32]

  '@rspack/binding-win32-arm64-msvc@2.2.2':
    resolution: {integrity: sha512-rfcNg0W3ZPZvXma1gTyEt9/Z8FxASIaQr+sMWTSaTPPaeU3xY1+0hYcrD0kUFNs3/5L4u63myI4R8qRXiuW3pA==}
    cpu: [arm64]
    os: [win32]

  '@rspack/binding-win32-ia32-msvc@2.2.2':
    resolution: {integrity: sha512-TFPvr9RZw9oHIhooDhXHzWjKcHpGPTxkznSeM2poIWU0CdEuua2rVUfsrriTF1Dmx+9kMly61DQmyOHCbb+b2g==}
    cpu: [ia32]
    os: [win32]

  '@rspack/binding-win32-x64-msvc@2.2.2':
    resolution: {integrity: sha512-GvEGyL594dtWN9SoVnKWh0exrM8WLInaUjwcuA2JKbCi1ak/9iHxip/U1dY3DuVqBYBhmvYq96JPbl91xnzFjg==}
    cpu: [x64]
    os: [win32]

  '@rspack/binding@2.2.2':
    resolution: {integrity: sha512-gWjKDQfVQJSBh/I+y9WTlyERsiShSJ7eI6Yl0SJs/6gjx8t4ixuwWCsaEFFjwSL4nSn6ML5hNQ7UFY3gj72BWA==}

  '@rspack/core@2.2.2':
    resolution: {integrity: sha512-/yztfDZR5syIPBrUpzBpL+6fhhl0IHBPcXlNr4tOMBULbocFIz7Z4/cqvf1ix0DBbKpIGx99v6N1IDbk2gi8hw==}
    engines: {node: ^20.19.0 || >=22.12.0}
    peerDependencies:
      '@module-federation/runtime-tools': ^0.24.1 || ^2.0.0
      '@swc/helpers': ^0.5.23
    peerDependenciesMeta:
      '@module-federation/runtime-tools':
        optional: true
      '@swc/helpers':
        optional: true

  '@splidejs/splide@4.1.4':
    resolution: {integrity: sha512-5I30evTJcAJQXt6vJ26g2xEkG+l1nXcpEw4xpKh0/FWQ8ozmAeTbtniVtVmz2sH1Es3vgfC4SS8B2X4o5JMptA==}

  '@swc/helpers@0.5.23':
    resolution: {integrity: sha512-5lSsMOTXURePglDfvuAQUqkGek9Hg2kksOYay2m0+XR++b2NWYL/4sWyuvVBIs8oKnJaxkdi9whaL/sqN13afw==}

  '@tybys/wasm-util@0.10.3':
    resolution: {integrity: sha512-F3fo1MYrRJYL3zER0OUOmkutjr1Vp23m7OsSgp7nq4SP6OqX6C/56XFIPAl5bt3zaBRjmW7SGz3u/6LwFpYcOg==}

  '@types/ejs@3.1.5':
    resolution: {integrity: sha512-nv+GSx77ZtXiJzwKdsASqi+YQ5Z7vwHsTP0JY2SiQgjGckkBRKZnk8nIM+7oUZ1VCtuTz0+By4qVR7fqzp/Dfg==}

  '@types/html-minifier-terser@7.0.2':
    resolution: {integrity: sha512-mm2HqV22l8lFQh4r2oSsOEVea+m0qqxEmwpc9kC1p/XzmjLWrReR9D/GRs8Pex2NX/imyEH9c5IU/7tMBQCHOA==}

  '@types/node@24.13.3':
    resolution: {integrity: sha512-Dh8vAsV36ig5wa9OX4pXvMc9D3Veibfw2wix0CUwYODLD8nkj9UsLjASr49nPg+2eKzxhBV+v7L8pXvT4e639Q==}

  acorn@8.18.0:
    resolution: {integrity: sha512-lGq+9yr1/GuAWaVYIHRjvvySG5/4VfKIvC8EWxStPdcDh/Ka7FG3twP6v4d5BkravUilhIAsG4Qj83t02LWUPQ==}
    engines: {node: '>=0.4.0'}
    hasBin: true

  buffer-from@1.1.2:
    resolution: {integrity: sha512-E+XQCRwSbaaiChtv6k6Dwgc+bx+Bs6vuKJHHl5kox/BaKbhiXzqQOwK4cO22yElGp2OCmjwVhT3HmxgyPGnJfQ==}

  camel-case@4.1.2:
    resolution: {integrity: sha512-gxGWBrTT1JuMx6R+o5PTXMmUnhnVzLQ9SNutD4YqKtI6ap897t3tKECYla6gCWEkplXnlNybEkZg9GEGxKFCgw==}

  clean-css@5.3.3:
    resolution: {integrity: sha512-D5J+kHaVb/wKSFcyyV75uCn8fiY4sV38XJoe4CUyGQ+mOU/fMVYUdH1hJC+CJQ5uY3EnW27SbJYS4X8BiLrAFg==}
    engines: {node: '>= 10.0'}

  commander@10.0.1:
    resolution: {integrity: sha512-y4Mg2tXshplEbSGzx7amzPwKKOCGuoSRP/CjEdwwk0FOGlUbq6lKuoyDZTNZkmxHdJtp54hdfY/JUrdL7Xfdug==}
    engines: {node: '>=14'}

  commander@2.20.3:
    resolution: {integrity: sha512-GpVkmM8vF2vQUkj2LvZmD35JxeJOLCwJ9cUkugyk2nuhbv3+mJvpLYYt+0+USMxE+oj+ey/lJEnhZw75x/OMcQ==}

  dot-case@3.0.4:
    resolution: {integrity: sha512-Kv5nKlh6yRrdrGvxeJ2e5y2eRUpkUosIW4A2AS38zwSz27zu7ufDwQPi5Jhs3XAlGNetl3bmnGhQsMtkKJnj3w==}

  ejs@5.0.2:
    resolution: {integrity: sha512-IpbUaI/CAW86l3f+T8zN0iggSc0LmMZLcIW5eRVStLVNCoTXkE0YlncbbH50fp8Cl6zHIky0sW2uUbhBqGw0Jw==}
    engines: {node: '>=0.12.18'}
    hasBin: true

  entities@4.5.0:
    resolution: {integrity: sha512-V0hjH4dGPh9Ao5p0MoRY6BVqtwCjhz6vI5LT8AJ55H+4g9/4vbHx1I54fS0XuclLhDHArPQCiMjDxjaL8fPxhw==}
    engines: {node: '>=0.12'}

  html-minifier-terser@7.2.0:
    resolution: {integrity: sha512-tXgn3QfqPIpGl9o+K5tpcj3/MN4SfLtsx2GWwBC3SSd0tXQGyF3gsSqad8loJgKZGM3ZxbYDd5yhiBIdWpmvLA==}
    engines: {node: ^14.13.1 || >=16.0.0}
    hasBin: true

  lower-case@2.0.2:
    resolution: {integrity: sha512-7fm3l3NAF9WfN6W3JOmf5drwpVqX78JtoGJ3A6W0a6ZnldM41w2fV5D490psKFTpMds8TJse/eHLFFsNHHjHgg==}

  no-case@3.0.4:
    resolution: {integrity: sha512-fgAN3jGAh+RoxUGZHTSOLJIqUc2wmoBwGR4tbpNAKmmovFoWq0OdRkb0VkldReO2a2iBT/OEulG9XSUc10r3zg==}

  param-case@3.0.4:
    resolution: {integrity: sha512-RXlj7zCYokReqWpOPH9oYivUzLYZ5vAPIfEmCTNViosC78F8F0H9y7T7gG2M39ymgutxF5gcFEsyZQSph9Bp3A==}

  pascal-case@3.1.2:
    resolution: {integrity: sha512-uWlGT3YSnK9x3BQJaOdcZwrnV6hPpd8jFH1/ucpiLRPh/2zCVJKS19E4GvYHvaCcACn3foXZ0cLB9Wrx1KGe5g==}

  prettier-plugin-ejs@1.0.3:
    resolution: {integrity: sha512-wTL4U/ou6dHHp1ZTfS67SHVb/dRgVhpIOTgCvkgdqF/Lw6A472W90dxFtsWSXIR7GmLZRgZb2PdArR9ozxX7cg==}
    peerDependencies:
      prettier: 2.x - 3.x

  prettier@3.9.6:
    resolution: {integrity: sha512-OpN0zzVdiaiAhxpuuj5efpIS4sY9j7bY6uR5mnj5yPzGkdkjNKSJeUThPb60Jw29QuAZgA4o+/iB49kFiaBX6g==}
    engines: {node: '>=14'}
    hasBin: true

  relateurl@0.2.7:
    resolution: {integrity: sha512-G08Dxvm4iDN3MLM0EsP62EDV9IuhXPR6blNz6Utcp7zyV3tr4HVNINt6MpaRWbxoOHT3Q7YN2P+jaHX8vUbgog==}
    engines: {node: '>= 0.10'}

  rsbuild-plugin-ejs@2.0.1:
    resolution: {integrity: sha512-GJHDjhpFEOo0faQgdniMAws8vbUMGqFAHchl9BJNbERQHSLAS+WaYOPkEBu0xCixo6gBOoqyffFLU9V1le1QjQ==}
    peerDependencies:
      '@rsbuild/core': ^1.0.0 || ^2.0.0-0
    peerDependenciesMeta:
      '@rsbuild/core':
        optional: true

  rsbuild-plugin-html-minifier-terser@1.1.5:
    resolution: {integrity: sha512-HE2BsDt/7mlbnd+NC50xPSTg9JlimIfSPp+jA6B4yK4SctBr+OMi3dCTg4eQ+aCR1r/MJTQYXXhkGY8FKxO1OQ==}
    peerDependencies:
      '@rsbuild/core': ^1.0.0 || ^2.0.0
    peerDependenciesMeta:
      '@rsbuild/core':
        optional: true

  source-map-support@0.5.21:
    resolution: {integrity: sha512-uBHU3L3czsIyYXKX88fdrGovxdSCoTGDRZ6SYXtSRxLZUzHg5P/66Ht6uoUlHu9EZod+inXhKo3qQgwXUT/y1w==}

  source-map@0.6.1:
    resolution: {integrity: sha512-UjgapumWlbMhkBgzT7Ykc5YXUT46F0iKu8SGXq0bcwP5dz/h0Plj6enJqjz1Zbq2l5WaqYnrVbwWOWMyF3F47g==}
    engines: {node: '>=0.10.0'}

  terser@5.51.2:
    resolution: {integrity: sha512-bWnjSNscmuI+GJze6ZupnHP8G/cTcsJF+bXCeQknk2SHQsgbNJnLrqiH9jZ2W4STPVXH2mDKKRX3iwPhc9Cn/Q==}
    engines: {node: '>=10'}
    hasBin: true

  tslib@2.8.1:
    resolution: {integrity: sha512-oJFu94HQb+KVduSUQL7wnpmqnfmLsOA/nAh6b6EH0wCEoK0/mPeXU6c3wKDV83MkOuHPRHtSXKKU99IBazS/2w==}

  typescript@6.0.3:
    resolution: {integrity: sha512-y2TvuxSZPDyQakkFRPZHKFm+KKVqIisdg9/CZwm9ftvKXLP8NRWj38/ODjNbr43SsoXqNuAisEf1GdCxqWcdBw==}
    engines: {node: '>=14.17'}
    hasBin: true

  undici-types@7.18.2:
    resolution: {integrity: sha512-AsuCzffGHJybSaRrmr5eHr81mwJU3kjw6M+uprWvCXiNeN9SOGwQ3Jn8jb8m3Z6izVgknn1R0FTCEAP2QrLY/w==}

snapshots:

  '@emnapi/core@1.11.3':
    dependencies:
      '@emnapi/wasi-threads': 1.2.3
      tslib: 2.8.1
    optional: true

  '@emnapi/runtime@1.11.3':
    dependencies:
      tslib: 2.8.1
    optional: true

  '@emnapi/wasi-threads@1.2.3':
    dependencies:
      tslib: 2.8.1
    optional: true

  '@jridgewell/gen-mapping@0.3.13':
    dependencies:
      '@jridgewell/sourcemap-codec': 1.6.0
      '@jridgewell/trace-mapping': 0.3.31

  '@jridgewell/resolve-uri@3.1.2': {}

  '@jridgewell/source-map@0.3.11':
    dependencies:
      '@jridgewell/gen-mapping': 0.3.13
      '@jridgewell/trace-mapping': 0.3.31

  '@jridgewell/sourcemap-codec@1.6.0': {}

  '@jridgewell/trace-mapping@0.3.31':
    dependencies:
      '@jridgewell/resolve-uri': 3.1.2
      '@jridgewell/sourcemap-codec': 1.6.0

  '@napi-rs/wasm-runtime@1.1.6(@emnapi/core@1.11.3)(@emnapi/runtime@1.11.3)':
    dependencies:
      '@emnapi/core': 1.11.3
      '@emnapi/runtime': 1.11.3
      '@tybys/wasm-util': 0.10.3
    optional: true

  '@rsbuild/core@2.2.3':
    dependencies:
      '@rspack/core': 2.2.2(@swc/helpers@0.5.23)
      '@swc/helpers': 0.5.23
    transitivePeerDependencies:
      - '@module-federation/runtime-tools'

  '@rspack/binding-darwin-arm64@2.2.2':
    optional: true

  '@rspack/binding-darwin-x64@2.2.2':
    optional: true

  '@rspack/binding-linux-arm64-gnu@2.2.2':
    optional: true

  '@rspack/binding-linux-arm64-musl@2.2.2':
    optional: true

  '@rspack/binding-linux-ppc64-gnu@2.2.2':
    optional: true

  '@rspack/binding-linux-riscv64-gnu@2.2.2':
    optional: true

  '@rspack/binding-linux-riscv64-musl@2.2.2':
    optional: true

  '@rspack/binding-linux-s390x-gnu@2.2.2':
    optional: true

  '@rspack/binding-linux-x64-gnu@2.2.2':
    optional: true

  '@rspack/binding-linux-x64-musl@2.2.2':
    optional: true

  '@rspack/binding-wasm32-wasi@2.2.2':
    dependencies:
      '@emnapi/core': 1.11.3
      '@emnapi/runtime': 1.11.3
      '@napi-rs/wasm-runtime': 1.1.6(@emnapi/core@1.11.3)(@emnapi/runtime@1.11.3)
    optional: true

  '@rspack/binding-win32-arm64-msvc@2.2.2':
    optional: true

  '@rspack/binding-win32-ia32-msvc@2.2.2':
    optional: true

  '@rspack/binding-win32-x64-msvc@2.2.2':
    optional: true

  '@rspack/binding@2.2.2':
    optionalDependencies:
      '@rspack/binding-darwin-arm64': 2.2.2
      '@rspack/binding-darwin-x64': 2.2.2
      '@rspack/binding-linux-arm64-gnu': 2.2.2
      '@rspack/binding-linux-arm64-musl': 2.2.2
      '@rspack/binding-linux-ppc64-gnu': 2.2.2
      '@rspack/binding-linux-riscv64-gnu': 2.2.2
      '@rspack/binding-linux-riscv64-musl': 2.2.2
      '@rspack/binding-linux-s390x-gnu': 2.2.2
      '@rspack/binding-linux-x64-gnu': 2.2.2
      '@rspack/binding-linux-x64-musl': 2.2.2
      '@rspack/binding-wasm32-wasi': 2.2.2
      '@rspack/binding-win32-arm64-msvc': 2.2.2
      '@rspack/binding-win32-ia32-msvc': 2.2.2
      '@rspack/binding-win32-x64-msvc': 2.2.2

  '@rspack/core@2.2.2(@swc/helpers@0.5.23)':
    dependencies:
      '@rspack/binding': 2.2.2
    optionalDependencies:
      '@swc/helpers': 0.5.23

  '@splidejs/splide@4.1.4': {}

  '@swc/helpers@0.5.23':
    dependencies:
      tslib: 2.8.1

  '@tybys/wasm-util@0.10.3':
    dependencies:
      tslib: 2.8.1
    optional: true

  '@types/ejs@3.1.5': {}

  '@types/html-minifier-terser@7.0.2': {}

  '@types/node@24.13.3':
    dependencies:
      undici-types: 7.18.2

  acorn@8.18.0: {}

  buffer-from@1.1.2: {}

  camel-case@4.1.2:
    dependencies:
      pascal-case: 3.1.2
      tslib: 2.8.1

  clean-css@5.3.3:
    dependencies:
      source-map: 0.6.1

  commander@10.0.1: {}

  commander@2.20.3: {}

  dot-case@3.0.4:
    dependencies:
      no-case: 3.0.4
      tslib: 2.8.1

  ejs@5.0.2: {}

  entities@4.5.0: {}

  html-minifier-terser@7.2.0:
    dependencies:
      camel-case: 4.1.2
      clean-css: 5.3.3
      commander: 10.0.1
      entities: 4.5.0
      param-case: 3.0.4
      relateurl: 0.2.7
      terser: 5.51.2

  lower-case@2.0.2:
    dependencies:
      tslib: 2.8.1

  no-case@3.0.4:
    dependencies:
      lower-case: 2.0.2
      tslib: 2.8.1

  param-case@3.0.4:
    dependencies:
      dot-case: 3.0.4
      tslib: 2.8.1

  pascal-case@3.1.2:
    dependencies:
      no-case: 3.0.4
      tslib: 2.8.1

  prettier-plugin-ejs@1.0.3(prettier@3.9.6):
    dependencies:
      prettier: 3.9.6

  prettier@3.9.6: {}

  relateurl@0.2.7: {}

  rsbuild-plugin-ejs@2.0.1(@rsbuild/core@2.2.3):
    dependencies:
      '@types/ejs': 3.1.5
      ejs: 5.0.2
    optionalDependencies:
      '@rsbuild/core': 2.2.3

  rsbuild-plugin-html-minifier-terser@1.1.5(@rsbuild/core@2.2.3):
    dependencies:
      '@types/html-minifier-terser': 7.0.2
      html-minifier-terser: 7.2.0
    optionalDependencies:
      '@rsbuild/core': 2.2.3

  source-map-support@0.5.21:
    dependencies:
      buffer-from: 1.1.2
      source-map: 0.6.1

  source-map@0.6.1: {}

  terser@5.51.2:
    dependencies:
      '@jridgewell/source-map': 0.3.11
      acorn: 8.18.0
      commander: 2.20.3
      source-map-support: 0.5.21

  tslib@2.8.1: {}

  typescript@6.0.3: {}

  undici-types@7.18.2: {}
